// !$*UTF8*$!
{
	archiveVersion = 1;
	classes = {
	};
	objectVersion = 46;
	objects = {

/* Begin PBXBuildFile section */
		03FDF84A1AD47221004CF0A7 /* AppDelegate.swift in Sources */ = {isa = PBXBuildFile; fileRef = 03FDF8491AD47221004CF0A7 /* AppDelegate.swift */; };
		03FDF84C1AD47221004CF0A7 /* ViewController.swift in Sources */ = {isa = PBXBuildFile; fileRef = 03FDF84B1AD47221004CF0A7 /* ViewController.swift */; };
		03FDF84F1AD47221004CF0A7 /* Main.storyboard in Resources */ = {isa = PBXBuildFile; fileRef = 03FDF84D1AD47221004CF0A7 /* Main.storyboard */; };
		03FDF8511AD47221004CF0A7 /* Images.xcassets in Resources */ = {isa = PBXBuildFile; fileRef = 03FDF8501AD47221004CF0A7 /* Images.xcassets */; };
		03FDF8541AD47221004CF0A7 /* LaunchScreen.xib in Resources */ = {isa = PBXBuildFile; fileRef = 03FDF8521AD47221004CF0A7 /* LaunchScreen.xib */; };
		03FDF8601AD47221004CF0A7 /* ScaleImageByDeviceTests.swift in Sources */ = {isa = PBXBuildFile; fileRef = 03FDF85F1AD47221004CF0A7 /* ScaleImageByDeviceTests.swift */; };
/* End PBXBuildFile section */

/* Begin PBXContainerItemProxy section */
		03FDF85A1AD47221004CF0A7 /* PBXContainerItemProxy */ = {
			isa = PBXContainerItemProxy;
			containerPortal = 03FDF83C1AD47221004CF0A7 /* Project object */;
			proxyType = 1;
			remoteGlobalIDString = 03FDF8431AD47221004CF0A7;
			remoteInfo = ScaleImageByDevice;
		};
/* End PBXContainerItemProxy section */

/* Begin PBXFileReference section */
		03FDF8441AD47221004CF0A7 /* ScaleImageByDevice.app */ = {isa = PBXFileReference; explicitFileType = wrapper.application; includeInIndex = 0; path = ScaleImageByDevice.app; sourceTree = BUILT_PRODUCTS_DIR; };
		03FDF8481AD47221004CF0A7 /* Info.plist */ = {isa = PBXFileReference; lastKnownFileType = text.plist.xml; path = Info.plist; sourceTree = "<group>"; };
		03FDF8491AD47221004CF0A7 /* AppDelegate.swift */ = {isa = PBXFileReference; lastKnownFileType = sourcecode.swift; path = AppDelegate.swift; sourceTree = "<group>"; };
		03FDF84B1AD47221004CF0A7 /* ViewController.swift */ = {isa = PBXFileReference; lastKnownFileType = sourcecode.swift; path = ViewController.swift; sourceTree = "<group>"; };
		03FDF84E1AD47221004CF0A7 /* Base */ = {isa = PBXFileReference; lastKnownFileType = file.storyboard; name = Base; path = Base.lproj/Main.storyboard; sourceTree = "<group>"; };
		03FDF8501AD47221004CF0A7 /* Images.xcassets */ = {isa = PBXFileReference; lastKnownFileType = folder.assetcatalog; path = Images.xcassets; sourceTree = "<group>"; };
		03FDF8531AD47221004CF0A7 /* Base */ = {isa = PBXFileReference; lastKnownFileType = file.xib; name = Base; path = Base.lproj/LaunchScreen.xib; sourceTree = "<group>"; };
		03FDF8591AD47221004CF0A7 /* ScaleImageByDeviceTests.xctest */ = {isa = PBXFileReference; explicitFileType = wrapper.cfbundle; includeInIndex = 0; path = ScaleImageByDeviceTests.xctest; sourceTree = BUILT_PRODUCTS_DIR; };
		03FDF85E1AD47221004CF0A7 /* Info.plist */ = {isa = PBXFileReference; lastKnownFileType = text.plist.xml; path = Info.plist; sourceTree = "<group>"; };
		03FDF85F1AD47221004CF0A7 /* ScaleImageByDeviceTests.swift */ = {isa = PBXFileReference; lastKnownFileType = sourcecode.swift; path = ScaleImageByDeviceTests.swift; sourceTree = "<group>"; };
/* End PBXFileReference section */

/* Begin PBXFrameworksBuildPhase section */
		03FDF8411AD47221004CF0A7 /* Frameworks */ = {
			isa = PBXFrameworksBuildPhase;
			buildActionMask = 2147483647;
			files = (
			);
			runOnlyForDeploymentPostprocessing = 0;
		};
		03FDF8561AD47221004CF0A7 /* Frameworks */ = {
			isa = PBXFrameworksBuildPhase;
			buildActionMask = 2147483647;
			files = (
			);
			runOnlyForDeploymentPostprocessing = 0;
		};
/* End PBXFrameworksBuildPhase section */

/* Begin PBXGroup section */
		03FDF83B1AD47221004CF0A7 = {
			isa = PBXGroup;
			children = (
				03FDF8461AD47221004CF0A7 /* ScaleImageByDevice */,
				03FDF85C1AD47221004CF0A7 /* ScaleImageByDeviceTests */,
				03FDF8451AD47221004CF0A7 /* Products */,
			);
			sourceTree = "<group>";
		};
		03FDF8451AD47221004CF0A7 /* Products */ = {
			isa = PBXGroup;
			children = (
				03FDF8441AD47221004CF0A7 /* ScaleImageByDevice.app */,
				03FDF8591AD47221004CF0A7 /* ScaleImageByDeviceTests.xctest */,
			);
			name = Products;
			sourceTree = "<group>";
		};
		03FDF8461AD47221004CF0A7 /* ScaleImageByDevice */ = {
			isa = PBXGroup;
			children = (
				03FDF8491AD47221004CF0A7 /* AppDelegate.swift */,
				03FDF84B1AD47221004CF0A7 /* ViewController.swift */,
				03FDF84D1AD47221004CF0A7 /* Main.storyboard */,
				03FDF8501AD47221004CF0A7 /* Images.xcassets */,
				03FDF8521AD47221004CF0A7 /* LaunchScreen.xib */,
				03FDF8471AD47221004CF0A7 /* Supporting Files */,
			);
			path = ScaleImageByDevice;
			sourceTree = "<group>";
		};
		03FDF8471AD47221004CF0A7 /* Supporting Files */ = {
			isa = PBXGroup;
			children = (
				03FDF8481AD47221004CF0A7 /* Info.plist */,
			);
			name = "Supporting Files";
			sourceTree = "<group>";
		};
		03FDF85C1AD47221004CF0A7 /* ScaleImageByDeviceTests */ = {
			isa = PBXGroup;
			children = (
				03FDF85F1AD47221004CF0A7 /* ScaleImageByDeviceTests.swift */,
				03FDF85D1AD47221004CF0A7 /* Supporting Files */,
			);
			path = ScaleImageByDeviceTests;
			sourceTree = "<group>";
		};
		03FDF85D1AD47221004CF0A7 /* Supporting Files */ = {
			isa = PBXGroup;
			children = (
				03FDF85E1AD47221004CF0A7 /* Info.plist */,
			);
			name = "Supporting Files";
			sourceTree = "<group>";
		};
/* End PBXGroup section */

/* Begin PBXNativeTarget section */
		03FDF8431AD47221004CF0A7 /* ScaleImageByDevice */ = {
			isa = PBXNativeTarget;
			buildConfigurationList = 03FDF8631AD47221004CF0A7 /* Build configuration list for PBXNativeTarget "ScaleImageByDevice" */;
			buildPhases = (
				03FDF8401AD47221004CF0A7 /* Sources */,
				03FDF8411AD47221004CF0A7 /* Frameworks */,
				03FDF8421AD47221004CF0A7 /* Resources */,
			);
			buildRules = (
			);
			dependencies = (
			);
			name = ScaleImageByDevice;
			productName = ScaleImageByDevice;
			productReference = 03FDF8441AD47221004CF0A7 /* ScaleImageByDevice.app */;
			productType = "com.apple.product-type.application";
		};
		03FDF8581AD47221004CF0A7 /* ScaleImageByDeviceTests */ = {
			isa = PBXNativeTarget;
			buildConfigurationList = 03FDF8661AD47221004CF0A7 /* Build configuration list for PBXNativeTarget "ScaleImageByDeviceTests" */;
			buildPhases = (
				03FDF8551AD47221004CF0A7 /* Sources */,
				03FDF8561AD47221004CF0A7 /* Frameworks */,
				03FDF8571AD47221004CF0A7 /* Resources */,
			);
			buildRules = (
			);
			dependencies = (
				03FDF85B1AD47221004CF0A7 /* PBXTargetDependency */,
			);
			name = ScaleImageByDeviceTests;
			productName = ScaleImageByDeviceTests;
			productReference = 03FDF8591AD47221004CF0A7 /* ScaleImageByDeviceTests.xctest */;
			productType = "com.apple.product-type.bundle.unit-test";
		};
/* End PBXNativeTarget section */

/* Begin PBXProject section */
		03FDF83C1AD47221004CF0A7 /* Project object */ = {
			isa = PBXProject;
			attributes = {
				LastUpgradeCheck = 0620;
				ORGANIZATIONNAME = "Roadfire Software";
				TargetAttributes = {
					03FDF8431AD47221004CF0A7 = {
						CreatedOnToolsVersion = 6.2;
					};
					03FDF8581AD47221004CF0A7 = {
						CreatedOnToolsVersion = 6.2;
						TestTargetID = 03FDF8431AD47221004CF0A7;
					};
				};
			};
			buildConfigurationList = 03FDF83F1AD47221004CF0A7 /* Build configuration list for PBXProject "ScaleImageByDevice" */;
			compatibilityVersion = "Xcode 3.2";
			developmentRegion = English;
			hasScannedForEncodings = 0;
			knownRegions = (
				en,
				Base,
			);
			mainGroup = 03FDF83B1AD47221004CF0A7;
			productRefGroup = 03FDF8451AD47221004CF0A7 /* Products */;
			projectDirPath = "";
			projectRoot = "";
			targets = (
				03FDF8431AD47221004CF0A7 /* ScaleImageByDevice */,
				03FDF8581AD47221004CF0A7 /* ScaleImageByDeviceTests */,
			);
		};
/* End PBXProject section */

/* Begin PBXResourcesBuildPhase section */
		03FDF8421AD47221004CF0A7 /* Resources */ = {
			isa = PBXResourcesBuildPhase;
			buildActionMask = 2147483647;
			files = (
				03FDF84F1AD47221004CF0A7 /* Main.storyboard in Resources */,
				03FDF8541AD47221004CF0A7 /* LaunchScreen.xib in Resources */,
				03FDF8511AD47221004CF0A7 /* Images.xcassets in Resources */,
			);
			runOnlyForDeploymentPostprocessing = 0;
		};
		03FDF8571AD47221004CF0A7 /* Resources */ = {
			isa = PBXResourcesBuildPhase;
			buildActionMask = 2147483647;
			files = (
			);
			runOnlyForDeploymentPostprocessing = 0;
		};
/* End PBXResourcesBuildPhase section */

/* Begin PBXSourcesBuildPhase section */
		03FDF8401AD47221004CF0A7 /* Sources */ = {
			isa = PBXSourcesBuildPhase;
			buildActionMask = 2147483647;
			files = (
				03FDF84C1AD47221004CF0A7 /* ViewController.swift in Sources */,
				03FDF84A1AD47221004CF0A7 /* AppDelegate.swift in Sources */,
			);
			runOnlyForDeploymentPostprocessing = 0;
		};
		03FDF8551AD47221004CF0A7 /* Sources */ = {
			isa = PBXSourcesBuildPhase;
			buildActionMask = 2147483647;
			files = (
				03FDF8601AD47221004CF0A7 /* ScaleImageByDeviceTests.swift in Sources */,
			);
			runOnlyForDeploymentPostprocessing = 0;
		};
/* End PBXSourcesBuildPhase section */

/* Begin PBXTargetDependency section */
		03FDF85B1AD47221004CF0A7 /* PBXTargetDependency */ = {
			isa = PBXTargetDependency;
			target = 03FDF8431AD47221004CF0A7 /* ScaleImageByDevice */;
			targetProxy = 03FDF85A1AD47221004CF0A7 /* PBXContainerItemProxy */;
		};
/* End PBXTargetDependency section */

/* Begin PBXVariantGroup section */
		03FDF84D1AD47221004CF0A7 /* Main.storyboard */ = {
			isa = PBXVariantGroup;
			children = (
				03FDF84E1AD47221004CF0A7 /* Base */,
			);
			name = Main.storyboard;
			sourceTree = "<group>";
		};
		03FDF8521AD47221004CF0A7 /* LaunchScreen.xib */ = {
			isa = PBXVariantGroup;
			children = (
				03FDF8531AD47221004CF0A7 /* Base */,
			);
			name = LaunchScreen.xib;
			sourceTree = "<group>";
		};
/* End PBXVariantGroup section */

/* Begin XCBuildConfiguration section */
		03FDF8611AD47221004CF0A7 /* Debug */ = {
			isa = XCBuildConfiguration;
			buildSettings = {
				ALWAYS_SEARCH_USER_PATHS = NO;
				CLANG_CXX_LANGUAGE_STANDARD = "gnu++0x";
				CLANG_CXX_LIBRARY = "libc++";
				CLANG_ENABLE_MODULES = YES;
				CLANG_ENABLE_OBJC_ARC = YES;
				CLANG_WARN_BOOL_CONVERSION = YES;
				CLANG_WARN_CONSTANT_CONVERSION = YES;
				CLANG_WARN_DIRECT_OBJC_ISA_USAGE = YES_ERROR;
				CLANG_WARN_EMPTY_BODY = YES;
				CLANG_WARN_ENUM_CONVERSION = YES;
				CLANG_WARN_INT_CONVERSION = YES;
				CLANG_WARN_OBJC_ROOT_CLASS = YES_ERROR;
				CLANG_WARN_UNREACHABLE_CODE = YES;
				CLANG_WARN__DUPLICATE_METHOD_MATCH = YES;
				"CODE_SIGN_IDENTITY[sdk=iphoneos*]" = "iPhone Developer";
				COPY_PHASE_STRIP = NO;
				ENABLE_STRICT_OBJC_MSGSEND = YES;
				GCC_C_LANGUAGE_STANDARD = gnu99;
				GCC_DYNAMIC_NO_PIC = NO;
				GCC_OPTIMIZATION_LEVEL = 0;
				GCC_PREPROCESSOR_DEFINITIONS = (
					"DEBUG=1",
					"$(inherited)",
				);
				GCC_SYMBOLS_PRIVATE_EXTERN = NO;
				GCC_WARN_64_TO_32_BIT_CONVERSION = YES;
				GCC_WARN_ABOUT_RETURN_TYPE = YES_ERROR;
				GCC_WARN_UNDECLARED_SELECTOR = YES;
				GCC_WARN_UNINITIALIZED_AUTOS = YES_AGGRESSIVE;
				GCC_WARN_UNUSED_FUNCTION = YES;
				GCC_WARN_UNUSED_VARIABLE = YES;
				IPHONEOS_DEPLOYMENT_TARGET = 8.2;
				MTL_ENABLE_DEBUG_INFO = YES;
				ONLY_ACTIVE_ARCH = YES;
				SDKROOT = iphoneos;
				SWIFT_OPTIMIZATION_LEVEL = "-Onone";
				TARGETED_DEVICE_FAMILY = "1,2";
			};
			name = Debug;
		};
		03FDF8621AD47221004CF0A7 /* Release */ = {
			isa = XCBuildConfiguration;
			buildSettings = {
				ALWAYS_SEARCH_USER_PATHS = NO;
				CLANG_CXX_LANGUAGE_STANDARD = "gnu++0x";
				CLANG_CXX_LIBRARY = "libc++";
				CLANG_ENABLE_MODULES = YES;
				CLANG_ENABLE_OBJC_ARC = YES;
				CLANG_WARN_BOOL_CONVERSION = YES;
				CLANG_WARN_CONSTANT_CONVERSION = YES;
				CLANG_WARN_DIRECT_OBJC_ISA_USAGE = YES_ERROR;
				CLANG_WARN_EMPTY_BODY = YES;
				CLANG_WARN_ENUM_CONVERSION = YES;
				CLANG_WARN_INT_CONVERSION = YES;
				CLANG_WARN_OBJC_ROOT_CLASS = YES_ERROR;
				CLANG_WARN_UNREACHABLE_CODE = YES;
				CLANG_WARN__DUPLICATE_METHOD_MATCH = YES;
				"CODE_SIGN_IDENTITY[sdk=iphoneos*]" = "iPhone Developer";
				COPY_PHASE_STRIP = NO;
				ENABLE_NS_ASSERTIONS = NO;
				ENABLE_STRICT_OBJC_MSGSEND = YES;
				GCC_C_LANGUAGE_STANDARD = gnu99;
				GCC_WARN_64_TO_32_BIT_CONVERSION = YES;
				GCC_WARN_ABOUT_RETURN_TYPE = YES_ERROR;
				GCC_WARN_UNDECLARED_SELECTOR = YES;
				GCC_WARN_UNINITIALIZED_AUTOS = YES_AGGRESSIVE;
				GCC_WARN_UNUSED_FUNCTION = YES;
				GCC_WARN_UNUSED_VARIABLE = YES;
				IPHONEOS_DEPLOYMENT_TARGET = 8.2;
				MTL_ENABLE_DEBUG_INFO = NO;
				SDKROOT = iphoneos;
				TARGETED_DEVICE_FAMILY = "1,2";
				VALIDATE_PRODUCT = YES;
			};
			name = Release;
		};
		03FDF8641AD47221004CF0A7 /* Debug */ = {
			isa = XCBuildConfiguration;
			buildSettings = {
				ASSETCATALOG_COMPILER_APPICON_NAME = AppIcon;
				INFOPLIST_FILE = ScaleImageByDevice/Info.plist;
				LD_RUNPATH_SEARCH_PATHS = "$(inherited) @executable_path/Frameworks";
				PRODUCT_NAME = "$(TARGET_NAME)";
			};
			name = Debug;
		};
		03FDF8651AD47221004CF0A7 /* Release */ = {
			isa = XCBuildConfiguration;
			buildSettings = {
				ASSETCATALOG_COMPILER_APPICON_NAME = AppIcon;
				INFOPLIST_FILE = ScaleImageByDevice/Info.plist;
				LD_RUNPATH_SEARCH_PATHS = "$(inherited) @executable_path/Frameworks";
				PRODUCT_NAME = "$(TARGET_NAME)";
			};
			name = Release;
		};
		03FDF8671AD47221004CF0A7 /* Debug */ = {
			isa = XCBuildConfiguration;
			buildSettings = {
				BUNDLE_LOADER = "$(TEST_HOST)";
				FRAMEWORK_SEARCH_PATHS = (
					"$(SDKROOT)/Developer/Library/Frameworks",
					"$(inherited)",
				);
				GCC_PREPROCESSOR_DEFINITIONS = (
					"DEBUG=1",
					"$(inherited)",
				);
				INFOPLIST_FILE = ScaleImageByDeviceTests/Info.plist;
				LD_RUNPATH_SEARCH_PATHS = "$(inherited) @executable_path/Frameworks @loader_path/Frameworks";
				PRODUCT_NAME = "$(TARGET_NAME)";
				TEST_HOST = "$(BUILT_PRODUCTS_DIR)/ScaleImageByDevice.app/ScaleImageByDevice";
			};
			name = Debug;
		};
		03FDF8681AD47221004CF0A7 /* Release */ = {
			isa = XCBuildConfiguration;
			buildSettings = {
				BUNDLE_LOADER = "$(TEST_HOST)";
				FRAMEWORK_SEARCH_PATHS = (
					"$(SDKROOT)/Developer/Library/Frameworks",
					"$(inherited)",
				);
				INFOPLIST_FILE = ScaleImageByDeviceTests/Info.plist;
				LD_RUNPATH_SEARCH_PATHS = "$(inherited) @executable_path/Frameworks @loader_path/Frameworks";
				PRODUCT_NAME = "$(TARGET_NAME)";
				TEST_HOST = "$(BUILT_PRODUCTS_DIR)/ScaleImageByDevice.app/ScaleImageByDevice";
			};
			name = Release;
		};
/* End XCBuildConfiguration section */

/* Begin XCConfigurationList section */
		03FDF83F1AD47221004CF0A7 /* Build configuration list for PBXProject "ScaleImageByDevice" */ = {
			isa = XCConfigurationList;
			buildConfigurations = (
				03FDF8611AD47221004CF0A7 /* Debug */,
				03FDF8621AD47221004CF0A7 /* Release */,
			);
			defaultConfigurationIsVisible = 0;
			defaultConfigurationName = Release;
		};
		03FDF8631AD47221004CF0A7 /* Build configuration list for PBXNativeTarget "ScaleImageByDevice" */ = {
			isa = XCConfigurationList;
			buildConfigurations = (
				03FDF8641AD47221004CF0A7 /* Debug */,
				03FDF8651AD47221004CF0A7 /* Release */,
			);
			defaultConfigurationIsVisible = 0;
		};
		03FDF8661AD47221004CF0A7 /* Build configuration list for PBXNativeTarget "ScaleImageByDeviceTests" */ = {
			isa = XCConfigurationList;
			buildConfigurations = (
				03FDF8671AD47221004CF0A7 /* Debug */,
				03FDF8681AD47221004CF0A7 /* Release */,
			);
			defaultConfigurationIsVisible = 0;
		};
/* End XCConfigurationList section */
	};
	rootObject = 03FDF83C1AD47221004CF0A7 /* Project object */;
}
